{
  "objeto": "instrumentos-de-plan",
  "contrato": "reusables/instrumentos-de-plan/CONTRATO.md (planeadora)",
  "version": "0.2.0",
  "sha256": "6338168813b48f4baa6fc22c7a02158d6b9eda4054dedeb9cef16f78619cd867",
  "fijado": "2026-09-28",
  "consumidor": "planlang (segundo consumidor; primera implementación: big-d no tenía paquete al fijar)",
  "enmiendas_propuestas": [],
  "archivos": {
    "CONTRATO.md": "6338168813b48f4baa6fc22c7a02158d6b9eda4054dedeb9cef16f78619cd867"
  }
}
