{
  "objeto": "instrumentos-de-plan",
  "contrato": "reusables/instrumentos-de-plan/CONTRATO.md (planeadora)",
  "version": "0.1.0",
  "sha256": "8bbd90a3216c46bf6ace0f2d6fdceb98d7b9ca79c7842d6d14237ec7c5596e91",
  "fijado": "2026-09-27",
  "consumidor": "planlang (segundo consumidor; primera implementación: big-d no tenía paquete al fijar)",
  "enmiendas_propuestas": [
    "C03: S8·O3·D4 da «baja» en la tabla AIAG-VDA 2019 (bandas O 2-3 · D 2-4 bajo S 7-8). Propuesta: C03 = S8·O6·D2 → alta (RPN 96) y C03-bis = S8·O3·D4 → baja (RPN 96).",
    "1.1 Decisión: `opciones[].pros/contras` como opcionales (el plan-borrador del demo A llega con nombres de opción sin pros/contras; no se inventa contenido de plan)."
  ]
}
