{
  "objeto": "contratos de hoja-de-vida que planlang alimenta",
  "version": {
    "ficha-tecnica": "1.3.1",
    "brochure-export": "1.0.0"
  },
  "origen": {
    "ficha-tecnica/ficha-tecnica.schema.json": "app-hoja-de-vida/docs/contrato-ficha-tecnica/ficha-tecnica.schema.json",
    "ficha-tecnica/CLAVE-VISUAL.md": "app-hoja-de-vida/docs/contrato-ficha-tecnica/CLAVE-VISUAL.md",
    "ficha-tecnica/plantilla.ficha-tecnica.json": "app-hoja-de-vida/docs/contrato-ficha-tecnica/plantilla.ficha-tecnica.json",
    "brochure-export/contrato-brochure-export-v1.0.0.md": "hr01-develop-ai-apps/portafolio/_template/contrato-brochure-export-v1.0.0.md"
  },
  "archivos": {
    "ficha-tecnica/CLAVE-VISUAL.md": "aad92c94a96470bbee99e00b7dbfd44716ffca3ecea20633d0b931be74a94d6a",
    "ficha-tecnica/ficha-tecnica.schema.json": "2380c4f593d473f2dd4eb09481769038b98b02b4a47a70c510282ee570b6a2e3",
    "ficha-tecnica/plantilla.ficha-tecnica.json": "a964abb5272e9d56e8242ccd0017d481b317a608a6e39cb3926d30751b3ab8fa",
    "brochure-export/contrato-brochure-export-v1.0.0.md": "e33fb1a15ab948142f61d2364609b06a33600e078acbc1890398225b89c4a58b"
  },
  "reglas_en_codigo": {
    "app-hoja-de-vida/src/lib/vitrina/ficha-tecnica/schema.ts": "06624045e99ac6e18d710d3c32f969308bfddc51111d6851cccb25336eb8ff62",
    "app-hoja-de-vida/src/lib/vitrina/schemas.ts": "3663f8a717e74c113f5edb65a2746b0b8f6c7004fc15bec3417385f3d2a3cb05",
    "app-hoja-de-vida/src/lib/vitrina/ficha-tecnica/armar.ts": "98afa52de894df2659574c5a554cafeb4992c641ad1f6b927a50d03d4f93cb99",
    "nota": "Las reglas que viven solo en el Zod del consumidor (el proceso BPMN de la ficha; el total = suma de los grupos y los enlaces en null del export) se reescriben en src/lib/fichas/contrato.ts, y el armado de la ficha de una app (export + complemento) en armarFichaApp de src/lib/fichas/armar.ts. Estas huellas dicen contra qué versión de ese código se escribieron: si cambian, se relee y se ajusta."
  },
  "fijado": "2026-10-01"
}
